{
  "requires": true,
  "lockfileVersion": 1,
  "dependencies": {
    "angular-bootstrap-md": {
      "version": "9.3.0",
      "resolved": "https://registry.npm.taobao.org/angular-bootstrap-md/download/angular-bootstrap-md-9.3.0.tgz",
      "integrity": "sha1-h8WElMaeaXMHqopK9lvpfyLx0GI="
    }
  }
}
